// !$*UTF8*$!
{
	archiveVersion = 1;
	classes = {
	};
	objectVersion = 46;
	objects = {

/* Begin PBXBuildFile section */
		F215D4E01BFE449000D2D83A /* main.swift in Sources */ = {isa = PBXBuildFile; fileRef = F215D4DF1BFE449000D2D83A /* main.swift */; };
		F215D4E71BFE506800D2D83A /* base64characters.swift in Sources */ = {isa = PBXBuildFile; fileRef = F215D4E61BFE506800D2D83A /* base64characters.swift */; };
		F215D4E91BFE50A200D2D83A /* base64encoder.swift in Sources */ = {isa = PBXBuildFile; fileRef = F215D4E81BFE50A200D2D83A /* base64encoder.swift */; };
/* End PBXBuildFile section */

/* Begin PBXCopyFilesBuildPhase section */
		F215D4DA1BFE449000D2D83A /* CopyFiles */ = {
			isa = PBXCopyFilesBuildPhase;
			buildActionMask = 2147483647;
			dstPath = /usr/share/man/man1/;
			dstSubfolderSpec = 0;
			files = (
			);
			runOnlyForDeploymentPostprocessing = 1;
		};
/* End PBXCopyFilesBuildPhase section */

/* Begin PBXFileReference section */
		F215D4DC1BFE449000D2D83A /* base64encode */ = {isa = PBXFileReference; explicitFileType = "compiled.mach-o.executable"; includeInIndex = 0; path = base64encode; sourceTree = BUILT_PRODUCTS_DIR; };
		F215D4DF1BFE449000D2D83A /* main.swift */ = {isa = PBXFileReference; lastKnownFileType = sourcecode.swift; path = main.swift; sourceTree = "<group>"; };
		F215D4E61BFE506800D2D83A /* base64characters.swift */ = {isa = PBXFileReference; fileEncoding = 4; lastKnownFileType = sourcecode.swift; path = base64characters.swift; sourceTree = "<group>"; };
		F215D4E81BFE50A200D2D83A /* base64encoder.swift */ = {isa = PBXFileReference; fileEncoding = 4; lastKnownFileType = sourcecode.swift; path = base64encoder.swift; sourceTree = "<group>"; };
/* End PBXFileReference section */

/* Begin PBXFrameworksBuildPhase section */
		F215D4D91BFE449000D2D83A /* Frameworks */ = {
			isa = PBXFrameworksBuildPhase;
			buildActionMask = 2147483647;
			files = (
			);
			runOnlyForDeploymentPostprocessing = 0;
		};
/* End PBXFrameworksBuildPhase section */

/* Begin PBXGroup section */
		F215D4D31BFE449000D2D83A = {
			isa = PBXGroup;
			children = (
				F215D4DE1BFE449000D2D83A /* base64encode */,
				F215D4DD1BFE449000D2D83A /* Products */,
			);
			sourceTree = "<group>";
		};
		F215D4DD1BFE449000D2D83A /* Products */ = {
			isa = PBXGroup;
			children = (
				F215D4DC1BFE449000D2D83A /* base64encode */,
			);
			name = Products;
			sourceTree = "<group>";
		};
		F215D4DE1BFE449000D2D83A /* base64encode */ = {
			isa = PBXGroup;
			children = (
				F215D4DF1BFE449000D2D83A /* main.swift */,
				F215D4E61BFE506800D2D83A /* base64characters.swift */,
				F215D4E81BFE50A200D2D83A /* base64encoder.swift */,
			);
			path = base64encode;
			sourceTree = "<group>";
		};
/* End PBXGroup section */

/* Begin PBXNativeTarget section */
		F215D4DB1BFE449000D2D83A /* base64encode */ = {
			isa = PBXNativeTarget;
			buildConfigurationList = F215D4E31BFE449000D2D83A /* Build configuration list for PBXNativeTarget "base64encode" */;
			buildPhases = (
				F215D4D81BFE449000D2D83A /* Sources */,
				F215D4D91BFE449000D2D83A /* Frameworks */,
				F215D4DA1BFE449000D2D83A /* CopyFiles */,
			);
			buildRules = (
			);
			dependencies = (
			);
			name = base64encode;
			productName = base64encode;
			productReference = F215D4DC1BFE449000D2D83A /* base64encode */;
			productType = "com.apple.product-type.tool";
		};
/* End PBXNativeTarget section */

/* Begin PBXProject section */
		F215D4D41BFE449000D2D83A /* Project object */ = {
			isa = PBXProject;
			attributes = {
				LastSwiftUpdateCheck = 0710;
				LastUpgradeCheck = 0710;
				ORGANIZATIONNAME = "Pär Strindevall";
				TargetAttributes = {
					F215D4DB1BFE449000D2D83A = {
						CreatedOnToolsVersion = 7.1.1;
					};
				};
			};
			buildConfigurationList = F215D4D71BFE449000D2D83A /* Build configuration list for PBXProject "base64encode" */;
			compatibilityVersion = "Xcode 3.2";
			developmentRegion = English;
			hasScannedForEncodings = 0;
			knownRegions = (
				en,
			);
			mainGroup = F215D4D31BFE449000D2D83A;
			productRefGroup = F215D4DD1BFE449000D2D83A /* Products */;
			projectDirPath = "";
			projectRoot = "";
			targets = (
				F215D4DB1BFE449000D2D83A /* base64encode */,
			);
		};
/* End PBXProject section */

/* Begin PBXSourcesBuildPhase section */
		F215D4D81BFE449000D2D83A /* Sources */ = {
			isa = PBXSourcesBuildPhase;
			buildActionMask = 2147483647;
			files = (
				F215D4E71BFE506800D2D83A /* base64characters.swift in Sources */,
				F215D4E01BFE449000D2D83A /* main.swift in Sources */,
				F215D4E91BFE50A200D2D83A /* base64encoder.swift in Sources */,
			);
			runOnlyForDeploymentPostprocessing = 0;
		};
/* End PBXSourcesBuildPhase section */

/* Begin XCBuildConfiguration section */
		F215D4E11BFE449000D2D83A /* Debug */ = {
			isa = XCBuildConfiguration;
			buildSettings = {
				ALWAYS_SEARCH_USER_PATHS = NO;
				CLANG_CXX_LANGUAGE_STANDARD = "gnu++0x";
				CLANG_CXX_LIBRARY = "libc++";
				CLANG_ENABLE_MODULES = YES;
				CLANG_ENABLE_OBJC_ARC = YES;
				CLANG_WARN_BOOL_CONVERSION = YES;
				CLANG_WARN_CONSTANT_CONVERSION = YES;
				CLANG_WARN_DIRECT_OBJC_ISA_USAGE = YES_ERROR;
				CLANG_WARN_EMPTY_BODY = YES;
				CLANG_WARN_ENUM_CONVERSION = YES;
				CLANG_WARN_INT_CONVERSION = YES;
				CLANG_WARN_OBJC_ROOT_CLASS = YES_ERROR;
				CLANG_WARN_UNREACHABLE_CODE = YES;
				CLANG_WARN__DUPLICATE_METHOD_MATCH = YES;
				CODE_SIGN_IDENTITY = "-";
				COPY_PHASE_STRIP = NO;
				DEBUG_INFORMATION_FORMAT = dwarf;
				ENABLE_STRICT_OBJC_MSGSEND = YES;
				ENABLE_TESTABILITY = YES;
				GCC_C_LANGUAGE_STANDARD = gnu99;
				GCC_DYNAMIC_NO_PIC = NO;
				GCC_NO_COMMON_BLOCKS = YES;
				GCC_OPTIMIZATION_LEVEL = 0;
				GCC_PREPROCESSOR_DEFINITIONS = (
					"DEBUG=1",
					"$(inherited)",
				);
				GCC_WARN_64_TO_32_BIT_CONVERSION = YES;
				GCC_WARN_ABOUT_RETURN_TYPE = YES_ERROR;
				GCC_WARN_UNDECLARED_SELECTOR = YES;
				GCC_WARN_UNINITIALIZED_AUTOS = YES_AGGRESSIVE;
				GCC_WARN_UNUSED_FUNCTION = YES;
				GCC_WARN_UNUSED_VARIABLE = YES;
				MACOSX_DEPLOYMENT_TARGET = 10.11;
				MTL_ENABLE_DEBUG_INFO = YES;
				ONLY_ACTIVE_ARCH = YES;
				SDKROOT = macosx;
				SWIFT_OPTIMIZATION_LEVEL = "-Onone";
			};
			name = Debug;
		};
		F215D4E21BFE449000D2D83A /* Release */ = {
			isa = XCBuildConfiguration;
			buildSettings = {
				ALWAYS_SEARCH_USER_PATHS = NO;
				CLANG_CXX_LANGUAGE_STANDARD = "gnu++0x";
				CLANG_CXX_LIBRARY = "libc++";
				CLANG_ENABLE_MODULES = YES;
				CLANG_ENABLE_OBJC_ARC = YES;
				CLANG_WARN_BOOL_CONVERSION = YES;
				CLANG_WARN_CONSTANT_CONVERSION = YES;
				CLANG_WARN_DIRECT_OBJC_ISA_USAGE = YES_ERROR;
				CLANG_WARN_EMPTY_BODY = YES;
				CLANG_WARN_ENUM_CONVERSION = YES;
				CLANG_WARN_INT_CONVERSION = YES;
				CLANG_WARN_OBJC_ROOT_CLASS = YES_ERROR;
				CLANG_WARN_UNREACHABLE_CODE = YES;
				CLANG_WARN__DUPLICATE_METHOD_MATCH = YES;
				CODE_SIGN_IDENTITY = "-";
				COPY_PHASE_STRIP = NO;
				DEBUG_INFORMATION_FORMAT = "dwarf-with-dsym";
				ENABLE_NS_ASSERTIONS = NO;
				ENABLE_STRICT_OBJC_MSGSEND = YES;
				GCC_C_LANGUAGE_STANDARD = gnu99;
				GCC_NO_COMMON_BLOCKS = YES;
				GCC_WARN_64_TO_32_BIT_CONVERSION = YES;
				GCC_WARN_ABOUT_RETURN_TYPE = YES_ERROR;
				GCC_WARN_UNDECLARED_SELECTOR = YES;
				GCC_WARN_UNINITIALIZED_AUTOS = YES_AGGRESSIVE;
				GCC_WARN_UNUSED_FUNCTION = YES;
				GCC_WARN_UNUSED_VARIABLE = YES;
				MACOSX_DEPLOYMENT_TARGET = 10.11;
				MTL_ENABLE_DEBUG_INFO = NO;
				SDKROOT = macosx;
			};
			name = Release;
		};
		F215D4E41BFE449000D2D83A /* Debug */ = {
			isa = XCBuildConfiguration;
			buildSettings = {
				PRODUCT_NAME = "$(TARGET_NAME)";
			};
			name = Debug;
		};
		F215D4E51BFE449000D2D83A /* Release */ = {
			isa = XCBuildConfiguration;
			buildSettings = {
				PRODUCT_NAME = "$(TARGET_NAME)";
			};
			name = Release;
		};
/* End XCBuildConfiguration section */

/* Begin XCConfigurationList section */
		F215D4D71BFE449000D2D83A /* Build configuration list for PBXProject "base64encode" */ = {
			isa = XCConfigurationList;
			buildConfigurations = (
				F215D4E11BFE449000D2D83A /* Debug */,
				F215D4E21BFE449000D2D83A /* Release */,
			);
			defaultConfigurationIsVisible = 0;
			defaultConfigurationName = Release;
		};
		F215D4E31BFE449000D2D83A /* Build configuration list for PBXNativeTarget "base64encode" */ = {
			isa = XCConfigurationList;
			buildConfigurations = (
				F215D4E41BFE449000D2D83A /* Debug */,
				F215D4E51BFE449000D2D83A /* Release */,
			);
			defaultConfigurationIsVisible = 0;
		};
/* End XCConfigurationList section */
	};
	rootObject = F215D4D41BFE449000D2D83A /* Project object */;
}
